
Microsoft Visual Studio Solution File, Format Version 12.00
# Visual Studio 15
VisualStudioVersion = 15.0.27130.2027
MinimumVisualStudioVersion = 10.0.40219.1
Project("{FAE04EC0-301F-11D3-BF4B-00C04F79EFBC}") = "ForskningApp", "ForskningApp\ForskningApp.csproj", "{0A7A5A66-5531-449C-8066-F1DD3ACBBF55}"
EndProject
Global
	GlobalSection(SolutionConfigurationPlatforms) = preSolution
		Debug|Any CPU = Debug|Any CPU
		Release|Any CPU = Release|Any CPU
	EndGlobalSection
	GlobalSection(ProjectConfigurationPlatforms) = postSolution
		{0A7A5A66-5531-449C-8066-F1DD3ACBBF55}.Debug|Any CPU.ActiveCfg = Debug|Any CPU
		{0A7A5A66-5531-449C-8066-F1DD3ACBBF55}.Debug|Any CPU.Build.0 = Debug|Any CPU
		{0A7A5A66-5531-449C-8066-F1DD3ACBBF55}.Release|Any CPU.ActiveCfg = Release|Any CPU
		{0A7A5A66-5531-449C-8066-F1DD3ACBBF55}.Release|Any CPU.Build.0 = Release|Any CPU
	EndGlobalSection
	GlobalSection(SolutionProperties) = preSolution
		HideSolutionNode = FALSE
	EndGlobalSection
	GlobalSection(ExtensibilityGlobals) = postSolution
		SolutionGuid = {F7C840A4-4B3D-4544-A888-C88B2CDC9BE3}
	EndGlobalSection
EndGlobal
